
Microsoft Visual Studio Solution File, Format Version 11.00
# Visual Studio 2010
# SharpDevelop 4.4
Project("{FD48973F-F585-4F70-812B-4D0503B36CE9}") = "Favourite Soccer Club", "Favourite Soccer Club\Favourite Soccer Club.pyproj", "{7B5CE9BA-4CD1-4305-A23A-A92668520594}"
EndProject
Global
	GlobalSection(SolutionConfigurationPlatforms) = preSolution
		Debug|Any CPU = Debug|Any CPU
		Release|Any CPU = Release|Any CPU
	EndGlobalSection
	GlobalSection(ProjectConfigurationPlatforms) = postSolution
		{7B5CE9BA-4CD1-4305-A23A-A92668520594}.Debug|Any CPU.Build.0 = Debug|Any CPU
		{7B5CE9BA-4CD1-4305-A23A-A92668520594}.Debug|Any CPU.ActiveCfg = Debug|Any CPU
		{7B5CE9BA-4CD1-4305-A23A-A92668520594}.Release|Any CPU.Build.0 = Release|Any CPU
		{7B5CE9BA-4CD1-4305-A23A-A92668520594}.Release|Any CPU.ActiveCfg = Release|Any CPU
	EndGlobalSection
EndGlobal
