
Microsoft Visual Studio Solution File, Format Version 11.00
# Visual Studio 2010
# SharpDevelop 4.4
Project("{FD48973F-F585-4F70-812B-4D0503B36CE9}") = "Hello there", "Hello there\Hello there.pyproj", "{DC311956-CB50-4720-9D02-68EFDD010EA2}"
EndProject
Global
	GlobalSection(SolutionConfigurationPlatforms) = preSolution
		Debug|Any CPU = Debug|Any CPU
		Release|Any CPU = Release|Any CPU
	EndGlobalSection
	GlobalSection(ProjectConfigurationPlatforms) = postSolution
		{DC311956-CB50-4720-9D02-68EFDD010EA2}.Debug|Any CPU.Build.0 = Debug|Any CPU
		{DC311956-CB50-4720-9D02-68EFDD010EA2}.Debug|Any CPU.ActiveCfg = Debug|Any CPU
		{DC311956-CB50-4720-9D02-68EFDD010EA2}.Release|Any CPU.Build.0 = Release|Any CPU
		{DC311956-CB50-4720-9D02-68EFDD010EA2}.Release|Any CPU.ActiveCfg = Release|Any CPU
	EndGlobalSection
EndGlobal
