
Microsoft Visual Studio Solution File, Format Version 11.00
# Visual Studio 2010
# SharpDevelop 4.4
Project("{FD48973F-F585-4F70-812B-4D0503B36CE9}") = "Phone Numbers", "Phone Numbers\Phone Numbers.pyproj", "{0D9EBEBB-6833-4136-A7BA-7D4FC703904D}"
EndProject
Global
	GlobalSection(SolutionConfigurationPlatforms) = preSolution
		Debug|Any CPU = Debug|Any CPU
		Release|Any CPU = Release|Any CPU
	EndGlobalSection
	GlobalSection(ProjectConfigurationPlatforms) = postSolution
		{0D9EBEBB-6833-4136-A7BA-7D4FC703904D}.Debug|Any CPU.Build.0 = Debug|Any CPU
		{0D9EBEBB-6833-4136-A7BA-7D4FC703904D}.Debug|Any CPU.ActiveCfg = Debug|Any CPU
		{0D9EBEBB-6833-4136-A7BA-7D4FC703904D}.Release|Any CPU.Build.0 = Release|Any CPU
		{0D9EBEBB-6833-4136-A7BA-7D4FC703904D}.Release|Any CPU.ActiveCfg = Release|Any CPU
	EndGlobalSection
EndGlobal
